
Microsoft Visual Studio Solution File, Format Version 12.00
Project("{FAE04EC0-301F-11D3-BF4B-00C04F79EFBC}") = "KeyControl", "KeyControl.csproj", "{1CE37DD8-F002-4BDA-A2A6-E2C642849075}"
EndProject
Global
	GlobalSection(SolutionConfigurationPlatforms) = preSolution
		Debug|Any CPU = Debug|Any CPU
		Release|Any CPU = Release|Any CPU
	EndGlobalSection
	GlobalSection(ProjectConfigurationPlatforms) = postSolution
		{1CE37DD8-F002-4BDA-A2A6-E2C642849075}.Debug|Any CPU.ActiveCfg = Debug|Any CPU
		{1CE37DD8-F002-4BDA-A2A6-E2C642849075}.Debug|Any CPU.Build.0 = Debug|Any CPU
		{1CE37DD8-F002-4BDA-A2A6-E2C642849075}.Release|Any CPU.ActiveCfg = Release|Any CPU
		{1CE37DD8-F002-4BDA-A2A6-E2C642849075}.Release|Any CPU.Build.0 = Release|Any CPU
	EndGlobalSection
EndGlobal
